
Microsoft Visual Studio Solution File, Format Version 12.00
# Visual Studio Version 16
VisualStudioVersion = 16.0.31005.135
MinimumVisualStudioVersion = 10.0.40219.1
Project("{FAE04EC0-301F-11D3-BF4B-00C04F79EFBC}") = "ProjetGo", "ProjetGo.csproj", "{D73F5284-21E4-414E-96C0-4784331EDF5E}"
EndProject
Global
	GlobalSection(SolutionConfigurationPlatforms) = preSolution
		Debug|Any CPU = Debug|Any CPU
		Release|Any CPU = Release|Any CPU
	EndGlobalSection
	GlobalSection(ProjectConfigurationPlatforms) = postSolution
		{D73F5284-21E4-414E-96C0-4784331EDF5E}.Debug|Any CPU.ActiveCfg = Debug|Any CPU
		{D73F5284-21E4-414E-96C0-4784331EDF5E}.Debug|Any CPU.Build.0 = Debug|Any CPU
		{D73F5284-21E4-414E-96C0-4784331EDF5E}.Release|Any CPU.ActiveCfg = Release|Any CPU
		{D73F5284-21E4-414E-96C0-4784331EDF5E}.Release|Any CPU.Build.0 = Release|Any CPU
	EndGlobalSection
	GlobalSection(SolutionProperties) = preSolution
		HideSolutionNode = FALSE
	EndGlobalSection
	GlobalSection(ExtensibilityGlobals) = postSolution
		SolutionGuid = {48934158-61D5-4261-AE4B-8A55971A946C}
	EndGlobalSection
EndGlobal
